
Microsoft Visual Studio Solution File, Format Version 12.00
# Visual Studio Version 16
VisualStudioVersion = 16.0.30503.244
MinimumVisualStudioVersion = 10.0.40219.1
Project("{9A19103F-16F7-4668-BE54-9A1E7A4F7556}") = "UnitTests", "UnitTests\UnitTests.csproj", "{23B5C351-EB03-493E-B570-EA348CCFF68F}"
EndProject
Project("{9A19103F-16F7-4668-BE54-9A1E7A4F7556}") = "Poker_Judge", "PokerJudge\Poker_Judge.csproj", "{32AC9D2E-C5D2-4709-8013-A6B8FE3730EC}"
EndProject
Global
	GlobalSection(SolutionConfigurationPlatforms) = preSolution
		Debug|Any CPU = Debug|Any CPU
		Release|Any CPU = Release|Any CPU
	EndGlobalSection
	GlobalSection(ProjectConfigurationPlatforms) = postSolution
		{23B5C351-EB03-493E-B570-EA348CCFF68F}.Debug|Any CPU.ActiveCfg = Debug|Any CPU
		{23B5C351-EB03-493E-B570-EA348CCFF68F}.Debug|Any CPU.Build.0 = Debug|Any CPU
		{23B5C351-EB03-493E-B570-EA348CCFF68F}.Release|Any CPU.ActiveCfg = Release|Any CPU
		{23B5C351-EB03-493E-B570-EA348CCFF68F}.Release|Any CPU.Build.0 = Release|Any CPU
		{32AC9D2E-C5D2-4709-8013-A6B8FE3730EC}.Debug|Any CPU.ActiveCfg = Debug|Any CPU
		{32AC9D2E-C5D2-4709-8013-A6B8FE3730EC}.Debug|Any CPU.Build.0 = Debug|Any CPU
		{32AC9D2E-C5D2-4709-8013-A6B8FE3730EC}.Release|Any CPU.ActiveCfg = Release|Any CPU
		{32AC9D2E-C5D2-4709-8013-A6B8FE3730EC}.Release|Any CPU.Build.0 = Release|Any CPU
	EndGlobalSection
	GlobalSection(SolutionProperties) = preSolution
		HideSolutionNode = FALSE
	EndGlobalSection
	GlobalSection(ExtensibilityGlobals) = postSolution
		SolutionGuid = {F310F9D2-2730-4E9F-936D-09CE5E5FABBB}
	EndGlobalSection
EndGlobal
